
Microsoft Visual Studio Solution File, Format Version 12.00
# Visual Studio Version 17
VisualStudioVersion = 17.3.32819.101
MinimumVisualStudioVersion = 10.0.40219.1
Project("{FAE04EC0-301F-11D3-BF4B-00C04F79EFBC}") = "ZephyrScaleTracabilityMatrixReport", "ZephyrScaleTracabilityMatrixReport\ZephyrScaleTracabilityMatrixReport.csproj", "{3994E61A-581D-4059-B2B5-8B97AD357484}"
EndProject
Global
	GlobalSection(SolutionConfigurationPlatforms) = preSolution
		Debug|Any CPU = Debug|Any CPU
		Release|Any CPU = Release|Any CPU
	EndGlobalSection
	GlobalSection(ProjectConfigurationPlatforms) = postSolution
		{3994E61A-581D-4059-B2B5-8B97AD357484}.Debug|Any CPU.ActiveCfg = Debug|Any CPU
		{3994E61A-581D-4059-B2B5-8B97AD357484}.Debug|Any CPU.Build.0 = Debug|Any CPU
		{3994E61A-581D-4059-B2B5-8B97AD357484}.Release|Any CPU.ActiveCfg = Release|Any CPU
		{3994E61A-581D-4059-B2B5-8B97AD357484}.Release|Any CPU.Build.0 = Release|Any CPU
	EndGlobalSection
	GlobalSection(SolutionProperties) = preSolution
		HideSolutionNode = FALSE
	EndGlobalSection
	GlobalSection(ExtensibilityGlobals) = postSolution
		SolutionGuid = {A5A21148-D2E8-48D8-8EB9-60E8BC3FA70B}
	EndGlobalSection
EndGlobal
